// !$*UTF8*$!
{
	archiveVersion = 1;
	classes = {
	};
	objectVersion = 46;
	objects = {

/* Begin PBXBuildFile section */
		544842B51D60AB3D00F3E29F /* AsyncResponse.h in Headers */ = {isa = PBXBuildFile; fileRef = 544842A21D60AB3D00F3E29F /* AsyncResponse.h */; settings = {ATTRIBUTES = (Public, ); }; };
		544842B61D60AB3D00F3E29F /* BaseResponse.swift in Sources */ = {isa = PBXBuildFile; fileRef = 544842A31D60AB3D00F3E29F /* BaseResponse.swift */; };
		544842B81D60AB3D00F3E29F /* Disposable.swift in Sources */ = {isa = PBXBuildFile; fileRef = 544842A51D60AB3D00F3E29F /* Disposable.swift */; };
		544842BA1D60AB3D00F3E29F /* Dispatch+AsyncResponse.swift in Sources */ = {isa = PBXBuildFile; fileRef = 544842A71D60AB3D00F3E29F /* Dispatch+AsyncResponse.swift */; };
		544842BD1D60AB3D00F3E29F /* NSLocking+Synchronized.swift in Sources */ = {isa = PBXBuildFile; fileRef = 544842AA1D60AB3D00F3E29F /* NSLocking+Synchronized.swift */; };
		544842BF1D60AB3D00F3E29F /* RecoverResponse.swift in Sources */ = {isa = PBXBuildFile; fileRef = 544842AC1D60AB3D00F3E29F /* RecoverResponse.swift */; };
		544842C01D60AB3D00F3E29F /* Resolver.swift in Sources */ = {isa = PBXBuildFile; fileRef = 544842AD1D60AB3D00F3E29F /* Resolver.swift */; };
		544842C11D60AB3D00F3E29F /* Response.Queue.swift in Sources */ = {isa = PBXBuildFile; fileRef = 544842AE1D60AB3D00F3E29F /* Response.Queue.swift */; };
		544842C21D60AB3D00F3E29F /* Response.swift in Sources */ = {isa = PBXBuildFile; fileRef = 544842AF1D60AB3D00F3E29F /* Response.swift */; };
		544842C31D60AB3D00F3E29F /* ResponseType.swift in Sources */ = {isa = PBXBuildFile; fileRef = 544842B01D60AB3D00F3E29F /* ResponseType.swift */; };
		544842C41D60AB3D00F3E29F /* Result.swift in Sources */ = {isa = PBXBuildFile; fileRef = 544842B11D60AB3D00F3E29F /* Result.swift */; };
		544842C51D60AB3D00F3E29F /* SingleResponseType.swift in Sources */ = {isa = PBXBuildFile; fileRef = 544842B21D60AB3D00F3E29F /* SingleResponseType.swift */; };
		544842C61D60AB3D00F3E29F /* StreamResponse.swift in Sources */ = {isa = PBXBuildFile; fileRef = 544842B31D60AB3D00F3E29F /* StreamResponse.swift */; };
		544842C71D60AB3D00F3E29F /* StreamResponseType.swift in Sources */ = {isa = PBXBuildFile; fileRef = 544842B41D60AB3D00F3E29F /* StreamResponseType.swift */; };
		544842D71D60AC7D00F3E29F /* Disposable.test.swift in Sources */ = {isa = PBXBuildFile; fileRef = 544842CC1D60AC7D00F3E29F /* Disposable.test.swift */; };
		544842D91D60AC7D00F3E29F /* NextAnyway.test.swift in Sources */ = {isa = PBXBuildFile; fileRef = 544842CE1D60AC7D00F3E29F /* NextAnyway.test.swift */; };
		544842DA1D60AC7D00F3E29F /* Next.test.swift in Sources */ = {isa = PBXBuildFile; fileRef = 544842CF1D60AC7D00F3E29F /* Next.test.swift */; };
		544842DB1D60AC7D00F3E29F /* Recover.test.swift in Sources */ = {isa = PBXBuildFile; fileRef = 544842D01D60AC7D00F3E29F /* Recover.test.swift */; };
		544842DC1D60AC7D00F3E29F /* Resolver.test.swift in Sources */ = {isa = PBXBuildFile; fileRef = 544842D11D60AC7D00F3E29F /* Resolver.test.swift */; };
		544842DD1D60AC7D00F3E29F /* Response.test.swift in Sources */ = {isa = PBXBuildFile; fileRef = 544842D21D60AC7D00F3E29F /* Response.test.swift */; };
		544842DE1D60AC7D00F3E29F /* Result.test.swift in Sources */ = {isa = PBXBuildFile; fileRef = 544842D31D60AC7D00F3E29F /* Result.test.swift */; };
		544842DF1D60AC7D00F3E29F /* StreamableResponse.test.swift in Sources */ = {isa = PBXBuildFile; fileRef = 544842D41D60AC7D00F3E29F /* StreamableResponse.test.swift */; };
		544842E01D60AC7D00F3E29F /* Utilities.swift in Sources */ = {isa = PBXBuildFile; fileRef = 544842D51D60AC7D00F3E29F /* Utilities.swift */; };
		544842E11D60AC7D00F3E29F /* Waldo_Zalgo.test.swift in Sources */ = {isa = PBXBuildFile; fileRef = 544842D61D60AC7D00F3E29F /* Waldo_Zalgo.test.swift */; };
		544842E51D60EE1300F3E29F /* Dispatch+AsyncResponse.test.swift in Sources */ = {isa = PBXBuildFile; fileRef = 544842E41D60EE1300F3E29F /* Dispatch+AsyncResponse.test.swift */; };
		546562E71D4CB6B10008B101 /* AsyncResponse.framework in Frameworks */ = {isa = PBXBuildFile; fileRef = 546562DC1D4CB6B10008B101 /* AsyncResponse.framework */; };
/* End PBXBuildFile section */

/* Begin PBXContainerItemProxy section */
		546562E81D4CB6B10008B101 /* PBXContainerItemProxy */ = {
			isa = PBXContainerItemProxy;
			containerPortal = 546562D31D4CB6B10008B101 /* Project object */;
			proxyType = 1;
			remoteGlobalIDString = 546562DB1D4CB6B10008B101;
			remoteInfo = AsyncResponse;
		};
/* End PBXContainerItemProxy section */

/* Begin PBXFileReference section */
		544842A21D60AB3D00F3E29F /* AsyncResponse.h */ = {isa = PBXFileReference; fileEncoding = 4; lastKnownFileType = sourcecode.c.h; path = AsyncResponse.h; sourceTree = "<group>"; };
		544842A31D60AB3D00F3E29F /* BaseResponse.swift */ = {isa = PBXFileReference; fileEncoding = 4; lastKnownFileType = sourcecode.swift; path = BaseResponse.swift; sourceTree = "<group>"; };
		544842A41D60AB3D00F3E29F /* Combine.swift */ = {isa = PBXFileReference; fileEncoding = 4; lastKnownFileType = sourcecode.swift; path = Combine.swift; sourceTree = "<group>"; };
		544842A51D60AB3D00F3E29F /* Disposable.swift */ = {isa = PBXFileReference; fileEncoding = 4; lastKnownFileType = sourcecode.swift; path = Disposable.swift; sourceTree = "<group>"; };
		544842A61D60AB3D00F3E29F /* Error.swift */ = {isa = PBXFileReference; fileEncoding = 4; lastKnownFileType = sourcecode.swift; path = Error.swift; sourceTree = "<group>"; };
		544842A71D60AB3D00F3E29F /* Dispatch+AsyncResponse.swift */ = {isa = PBXFileReference; fileEncoding = 4; lastKnownFileType = sourcecode.swift; path = "Dispatch+AsyncResponse.swift"; sourceTree = "<group>"; };
		544842A91D60AB3D00F3E29F /* Info.plist */ = {isa = PBXFileReference; fileEncoding = 4; lastKnownFileType = text.plist.xml; path = Info.plist; sourceTree = "<group>"; };
		544842AA1D60AB3D00F3E29F /* NSLocking+Synchronized.swift */ = {isa = PBXFileReference; fileEncoding = 4; lastKnownFileType = sourcecode.swift; path = "NSLocking+Synchronized.swift"; sourceTree = "<group>"; };
		544842AB1D60AB3D00F3E29F /* Race.swift */ = {isa = PBXFileReference; fileEncoding = 4; lastKnownFileType = sourcecode.swift; path = Race.swift; sourceTree = "<group>"; };
		544842AC1D60AB3D00F3E29F /* RecoverResponse.swift */ = {isa = PBXFileReference; fileEncoding = 4; lastKnownFileType = sourcecode.swift; path = RecoverResponse.swift; sourceTree = "<group>"; };
		544842AD1D60AB3D00F3E29F /* Resolver.swift */ = {isa = PBXFileReference; fileEncoding = 4; lastKnownFileType = sourcecode.swift; path = Resolver.swift; sourceTree = "<group>"; };
		544842AE1D60AB3D00F3E29F /* Response.Queue.swift */ = {isa = PBXFileReference; fileEncoding = 4; lastKnownFileType = sourcecode.swift; path = Response.Queue.swift; sourceTree = "<group>"; };
		544842AF1D60AB3D00F3E29F /* Response.swift */ = {isa = PBXFileReference; fileEncoding = 4; lastKnownFileType = sourcecode.swift; path = Response.swift; sourceTree = "<group>"; };
		544842B01D60AB3D00F3E29F /* ResponseType.swift */ = {isa = PBXFileReference; fileEncoding = 4; lastKnownFileType = sourcecode.swift; path = ResponseType.swift; sourceTree = "<group>"; };
		544842B11D60AB3D00F3E29F /* Result.swift */ = {isa = PBXFileReference; fileEncoding = 4; lastKnownFileType = sourcecode.swift; path = Result.swift; sourceTree = "<group>"; };
		544842B21D60AB3D00F3E29F /* SingleResponseType.swift */ = {isa = PBXFileReference; fileEncoding = 4; lastKnownFileType = sourcecode.swift; path = SingleResponseType.swift; sourceTree = "<group>"; };
		544842B31D60AB3D00F3E29F /* StreamResponse.swift */ = {isa = PBXFileReference; fileEncoding = 4; lastKnownFileType = sourcecode.swift; path = StreamResponse.swift; sourceTree = "<group>"; };
		544842B41D60AB3D00F3E29F /* StreamResponseType.swift */ = {isa = PBXFileReference; fileEncoding = 4; lastKnownFileType = sourcecode.swift; path = StreamResponseType.swift; sourceTree = "<group>"; };
		544842CC1D60AC7D00F3E29F /* Disposable.test.swift */ = {isa = PBXFileReference; fileEncoding = 4; lastKnownFileType = sourcecode.swift; path = Disposable.test.swift; sourceTree = "<group>"; };
		544842CD1D60AC7D00F3E29F /* Info.plist */ = {isa = PBXFileReference; fileEncoding = 4; lastKnownFileType = text.plist.xml; path = Info.plist; sourceTree = "<group>"; };
		544842CE1D60AC7D00F3E29F /* NextAnyway.test.swift */ = {isa = PBXFileReference; fileEncoding = 4; lastKnownFileType = sourcecode.swift; path = NextAnyway.test.swift; sourceTree = "<group>"; };
		544842CF1D60AC7D00F3E29F /* Next.test.swift */ = {isa = PBXFileReference; fileEncoding = 4; lastKnownFileType = sourcecode.swift; path = Next.test.swift; sourceTree = "<group>"; };
		544842D01D60AC7D00F3E29F /* Recover.test.swift */ = {isa = PBXFileReference; fileEncoding = 4; lastKnownFileType = sourcecode.swift; path = Recover.test.swift; sourceTree = "<group>"; };
		544842D11D60AC7D00F3E29F /* Resolver.test.swift */ = {isa = PBXFileReference; fileEncoding = 4; lastKnownFileType = sourcecode.swift; path = Resolver.test.swift; sourceTree = "<group>"; };
		544842D21D60AC7D00F3E29F /* Response.test.swift */ = {isa = PBXFileReference; fileEncoding = 4; lastKnownFileType = sourcecode.swift; path = Response.test.swift; sourceTree = "<group>"; };
		544842D31D60AC7D00F3E29F /* Result.test.swift */ = {isa = PBXFileReference; fileEncoding = 4; lastKnownFileType = sourcecode.swift; path = Result.test.swift; sourceTree = "<group>"; };
		544842D41D60AC7D00F3E29F /* StreamableResponse.test.swift */ = {isa = PBXFileReference; fileEncoding = 4; lastKnownFileType = sourcecode.swift; path = StreamableResponse.test.swift; sourceTree = "<group>"; };
		544842D51D60AC7D00F3E29F /* Utilities.swift */ = {isa = PBXFileReference; fileEncoding = 4; lastKnownFileType = sourcecode.swift; path = Utilities.swift; sourceTree = "<group>"; };
		544842D61D60AC7D00F3E29F /* Waldo_Zalgo.test.swift */ = {isa = PBXFileReference; fileEncoding = 4; lastKnownFileType = sourcecode.swift; path = Waldo_Zalgo.test.swift; sourceTree = "<group>"; };
		544842E41D60EE1300F3E29F /* Dispatch+AsyncResponse.test.swift */ = {isa = PBXFileReference; fileEncoding = 4; lastKnownFileType = sourcecode.swift; path = "Dispatch+AsyncResponse.test.swift"; sourceTree = "<group>"; };
		546562DC1D4CB6B10008B101 /* AsyncResponse.framework */ = {isa = PBXFileReference; explicitFileType = wrapper.framework; includeInIndex = 0; path = AsyncResponse.framework; sourceTree = BUILT_PRODUCTS_DIR; };
		546562E61D4CB6B10008B101 /* AsyncResponseTests.xctest */ = {isa = PBXFileReference; explicitFileType = wrapper.cfbundle; includeInIndex = 0; path = AsyncResponseTests.xctest; sourceTree = BUILT_PRODUCTS_DIR; };
/* End PBXFileReference section */

/* Begin PBXFrameworksBuildPhase section */
		546562D81D4CB6B10008B101 /* Frameworks */ = {
			isa = PBXFrameworksBuildPhase;
			buildActionMask = 2147483647;
			files = (
			);
			runOnlyForDeploymentPostprocessing = 0;
		};
		546562E31D4CB6B10008B101 /* Frameworks */ = {
			isa = PBXFrameworksBuildPhase;
			buildActionMask = 2147483647;
			files = (
				546562E71D4CB6B10008B101 /* AsyncResponse.framework in Frameworks */,
			);
			runOnlyForDeploymentPostprocessing = 0;
		};
/* End PBXFrameworksBuildPhase section */

/* Begin PBXGroup section */
		544842A11D60AB3D00F3E29F /* Sources */ = {
			isa = PBXGroup;
			children = (
				544842C81D60AB6500F3E29F /* Essentials */,
				544842C91D60ABBB00F3E29F /* Features */,
			);
			path = Sources;
			sourceTree = "<group>";
		};
		544842C81D60AB6500F3E29F /* Essentials */ = {
			isa = PBXGroup;
			children = (
				544842A21D60AB3D00F3E29F /* AsyncResponse.h */,
				544842A91D60AB3D00F3E29F /* Info.plist */,
				544842AA1D60AB3D00F3E29F /* NSLocking+Synchronized.swift */,
				544842AE1D60AB3D00F3E29F /* Response.Queue.swift */,
				544842AC1D60AB3D00F3E29F /* RecoverResponse.swift */,
				544842B11D60AB3D00F3E29F /* Result.swift */,
				544842AD1D60AB3D00F3E29F /* Resolver.swift */,
				544842A51D60AB3D00F3E29F /* Disposable.swift */,
				544842B01D60AB3D00F3E29F /* ResponseType.swift */,
				544842B21D60AB3D00F3E29F /* SingleResponseType.swift */,
				544842B41D60AB3D00F3E29F /* StreamResponseType.swift */,
				544842A31D60AB3D00F3E29F /* BaseResponse.swift */,
				544842AF1D60AB3D00F3E29F /* Response.swift */,
				544842B31D60AB3D00F3E29F /* StreamResponse.swift */,
			);
			name = Essentials;
			sourceTree = "<group>";
		};
		544842C91D60ABBB00F3E29F /* Features */ = {
			isa = PBXGroup;
			children = (
				544842A71D60AB3D00F3E29F /* Dispatch+AsyncResponse.swift */,
				544842AB1D60AB3D00F3E29F /* Race.swift */,
				544842A41D60AB3D00F3E29F /* Combine.swift */,
				544842A61D60AB3D00F3E29F /* Error.swift */,
			);
			name = Features;
			sourceTree = "<group>";
		};
		544842CB1D60AC7D00F3E29F /* Tests */ = {
			isa = PBXGroup;
			children = (
				544842E21D60ACD800F3E29F /* Essentials */,
				544842E31D60EE0000F3E29F /* Features */,
			);
			path = Tests;
			sourceTree = "<group>";
		};
		544842E21D60ACD800F3E29F /* Essentials */ = {
			isa = PBXGroup;
			children = (
				544842CC1D60AC7D00F3E29F /* Disposable.test.swift */,
				544842CD1D60AC7D00F3E29F /* Info.plist */,
				544842CE1D60AC7D00F3E29F /* NextAnyway.test.swift */,
				544842CF1D60AC7D00F3E29F /* Next.test.swift */,
				544842D01D60AC7D00F3E29F /* Recover.test.swift */,
				544842D11D60AC7D00F3E29F /* Resolver.test.swift */,
				544842D21D60AC7D00F3E29F /* Response.test.swift */,
				544842D31D60AC7D00F3E29F /* Result.test.swift */,
				544842D41D60AC7D00F3E29F /* StreamableResponse.test.swift */,
				544842D51D60AC7D00F3E29F /* Utilities.swift */,
				544842D61D60AC7D00F3E29F /* Waldo_Zalgo.test.swift */,
			);
			name = Essentials;
			sourceTree = "<group>";
		};
		544842E31D60EE0000F3E29F /* Features */ = {
			isa = PBXGroup;
			children = (
				544842E41D60EE1300F3E29F /* Dispatch+AsyncResponse.test.swift */,
			);
			name = Features;
			sourceTree = "<group>";
		};
		546562D21D4CB6B10008B101 = {
			isa = PBXGroup;
			children = (
				544842A11D60AB3D00F3E29F /* Sources */,
				546562EA1D4CB6B10008B101 /* AsyncResponseTests */,
				544842CB1D60AC7D00F3E29F /* Tests */,
				546562DD1D4CB6B10008B101 /* Products */,
			);
			sourceTree = "<group>";
		};
		546562DD1D4CB6B10008B101 /* Products */ = {
			isa = PBXGroup;
			children = (
				546562DC1D4CB6B10008B101 /* AsyncResponse.framework */,
				546562E61D4CB6B10008B101 /* AsyncResponseTests.xctest */,
			);
			name = Products;
			sourceTree = "<group>";
		};
		546562EA1D4CB6B10008B101 /* AsyncResponseTests */ = {
			isa = PBXGroup;
			children = (
			);
			path = AsyncResponseTests;
			sourceTree = "<group>";
		};
/* End PBXGroup section */

/* Begin PBXHeadersBuildPhase section */
		546562D91D4CB6B10008B101 /* Headers */ = {
			isa = PBXHeadersBuildPhase;
			buildActionMask = 2147483647;
			files = (
				544842B51D60AB3D00F3E29F /* AsyncResponse.h in Headers */,
			);
			runOnlyForDeploymentPostprocessing = 0;
		};
/* End PBXHeadersBuildPhase section */

/* Begin PBXNativeTarget section */
		546562DB1D4CB6B10008B101 /* AsyncResponse */ = {
			isa = PBXNativeTarget;
			buildConfigurationList = 546562F01D4CB6B10008B101 /* Build configuration list for PBXNativeTarget "AsyncResponse" */;
			buildPhases = (
				546562D71D4CB6B10008B101 /* Sources */,
				546562D81D4CB6B10008B101 /* Frameworks */,
				546562D91D4CB6B10008B101 /* Headers */,
				546562DA1D4CB6B10008B101 /* Resources */,
			);
			buildRules = (
			);
			dependencies = (
			);
			name = AsyncResponse;
			productName = AsyncResponse;
			productReference = 546562DC1D4CB6B10008B101 /* AsyncResponse.framework */;
			productType = "com.apple.product-type.framework";
		};
		546562E51D4CB6B10008B101 /* AsyncResponseTests */ = {
			isa = PBXNativeTarget;
			buildConfigurationList = 546562F31D4CB6B10008B101 /* Build configuration list for PBXNativeTarget "AsyncResponseTests" */;
			buildPhases = (
				546562E21D4CB6B10008B101 /* Sources */,
				546562E31D4CB6B10008B101 /* Frameworks */,
				546562E41D4CB6B10008B101 /* Resources */,
			);
			buildRules = (
			);
			dependencies = (
				546562E91D4CB6B10008B101 /* PBXTargetDependency */,
			);
			name = AsyncResponseTests;
			productName = AsyncResponseTests;
			productReference = 546562E61D4CB6B10008B101 /* AsyncResponseTests.xctest */;
			productType = "com.apple.product-type.bundle.unit-test";
		};
/* End PBXNativeTarget section */

/* Begin PBXProject section */
		546562D31D4CB6B10008B101 /* Project object */ = {
			isa = PBXProject;
			attributes = {
				LastSwiftUpdateCheck = 0730;
				LastUpgradeCheck = 0730;
				ORGANIZATIONNAME = Varaw;
				TargetAttributes = {
					546562DB1D4CB6B10008B101 = {
						CreatedOnToolsVersion = 7.3.1;
					};
					546562E51D4CB6B10008B101 = {
						CreatedOnToolsVersion = 7.3.1;
					};
				};
			};
			buildConfigurationList = 546562D61D4CB6B10008B101 /* Build configuration list for PBXProject "AsyncResponse" */;
			compatibilityVersion = "Xcode 3.2";
			developmentRegion = English;
			hasScannedForEncodings = 0;
			knownRegions = (
				en,
			);
			mainGroup = 546562D21D4CB6B10008B101;
			productRefGroup = 546562DD1D4CB6B10008B101 /* Products */;
			projectDirPath = "";
			projectRoot = "";
			targets = (
				546562DB1D4CB6B10008B101 /* AsyncResponse */,
				546562E51D4CB6B10008B101 /* AsyncResponseTests */,
			);
		};
/* End PBXProject section */

/* Begin PBXResourcesBuildPhase section */
		546562DA1D4CB6B10008B101 /* Resources */ = {
			isa = PBXResourcesBuildPhase;
			buildActionMask = 2147483647;
			files = (
			);
			runOnlyForDeploymentPostprocessing = 0;
		};
		546562E41D4CB6B10008B101 /* Resources */ = {
			isa = PBXResourcesBuildPhase;
			buildActionMask = 2147483647;
			files = (
			);
			runOnlyForDeploymentPostprocessing = 0;
		};
/* End PBXResourcesBuildPhase section */

/* Begin PBXSourcesBuildPhase section */
		546562D71D4CB6B10008B101 /* Sources */ = {
			isa = PBXSourcesBuildPhase;
			buildActionMask = 2147483647;
			files = (
				544842C71D60AB3D00F3E29F /* StreamResponseType.swift in Sources */,
				544842C51D60AB3D00F3E29F /* SingleResponseType.swift in Sources */,
				544842BD1D60AB3D00F3E29F /* NSLocking+Synchronized.swift in Sources */,
				544842C41D60AB3D00F3E29F /* Result.swift in Sources */,
				544842C31D60AB3D00F3E29F /* ResponseType.swift in Sources */,
				544842BA1D60AB3D00F3E29F /* Dispatch+AsyncResponse.swift in Sources */,
				544842C01D60AB3D00F3E29F /* Resolver.swift in Sources */,
				544842B61D60AB3D00F3E29F /* BaseResponse.swift in Sources */,
				544842BF1D60AB3D00F3E29F /* RecoverResponse.swift in Sources */,
				544842C61D60AB3D00F3E29F /* StreamResponse.swift in Sources */,
				544842C21D60AB3D00F3E29F /* Response.swift in Sources */,
				544842B81D60AB3D00F3E29F /* Disposable.swift in Sources */,
				544842C11D60AB3D00F3E29F /* Response.Queue.swift in Sources */,
			);
			runOnlyForDeploymentPostprocessing = 0;
		};
		546562E21D4CB6B10008B101 /* Sources */ = {
			isa = PBXSourcesBuildPhase;
			buildActionMask = 2147483647;
			files = (
				544842E51D60EE1300F3E29F /* Dispatch+AsyncResponse.test.swift in Sources */,
				544842D71D60AC7D00F3E29F /* Disposable.test.swift in Sources */,
				544842DA1D60AC7D00F3E29F /* Next.test.swift in Sources */,
				544842DF1D60AC7D00F3E29F /* StreamableResponse.test.swift in Sources */,
				544842E11D60AC7D00F3E29F /* Waldo_Zalgo.test.swift in Sources */,
				544842DB1D60AC7D00F3E29F /* Recover.test.swift in Sources */,
				544842DC1D60AC7D00F3E29F /* Resolver.test.swift in Sources */,
				544842DD1D60AC7D00F3E29F /* Response.test.swift in Sources */,
				544842E01D60AC7D00F3E29F /* Utilities.swift in Sources */,
				544842D91D60AC7D00F3E29F /* NextAnyway.test.swift in Sources */,
				544842DE1D60AC7D00F3E29F /* Result.test.swift in Sources */,
			);
			runOnlyForDeploymentPostprocessing = 0;
		};
/* End PBXSourcesBuildPhase section */

/* Begin PBXTargetDependency section */
		546562E91D4CB6B10008B101 /* PBXTargetDependency */ = {
			isa = PBXTargetDependency;
			target = 546562DB1D4CB6B10008B101 /* AsyncResponse */;
			targetProxy = 546562E81D4CB6B10008B101 /* PBXContainerItemProxy */;
		};
/* End PBXTargetDependency section */

/* Begin XCBuildConfiguration section */
		546562EE1D4CB6B10008B101 /* Debug */ = {
			isa = XCBuildConfiguration;
			buildSettings = {
				ALWAYS_SEARCH_USER_PATHS = NO;
				CLANG_ANALYZER_NONNULL = YES;
				CLANG_CXX_LANGUAGE_STANDARD = "gnu++0x";
				CLANG_CXX_LIBRARY = "libc++";
				CLANG_ENABLE_MODULES = YES;
				CLANG_ENABLE_OBJC_ARC = YES;
				CLANG_WARN_BOOL_CONVERSION = YES;
				CLANG_WARN_CONSTANT_CONVERSION = YES;
				CLANG_WARN_DIRECT_OBJC_ISA_USAGE = YES_ERROR;
				CLANG_WARN_EMPTY_BODY = YES;
				CLANG_WARN_ENUM_CONVERSION = YES;
				CLANG_WARN_INT_CONVERSION = YES;
				CLANG_WARN_OBJC_ROOT_CLASS = YES_ERROR;
				CLANG_WARN_UNREACHABLE_CODE = YES;
				CLANG_WARN__DUPLICATE_METHOD_MATCH = YES;
				"CODE_SIGN_IDENTITY[sdk=iphoneos*]" = "iPhone Developer";
				COPY_PHASE_STRIP = NO;
				CURRENT_PROJECT_VERSION = 1;
				DEBUG_INFORMATION_FORMAT = dwarf;
				ENABLE_STRICT_OBJC_MSGSEND = YES;
				ENABLE_TESTABILITY = YES;
				GCC_C_LANGUAGE_STANDARD = gnu99;
				GCC_DYNAMIC_NO_PIC = NO;
				GCC_NO_COMMON_BLOCKS = YES;
				GCC_OPTIMIZATION_LEVEL = 0;
				GCC_PREPROCESSOR_DEFINITIONS = (
					"DEBUG=1",
					"$(inherited)",
				);
				GCC_WARN_64_TO_32_BIT_CONVERSION = YES;
				GCC_WARN_ABOUT_RETURN_TYPE = YES_ERROR;
				GCC_WARN_UNDECLARED_SELECTOR = YES;
				GCC_WARN_UNINITIALIZED_AUTOS = YES_AGGRESSIVE;
				GCC_WARN_UNUSED_FUNCTION = YES;
				GCC_WARN_UNUSED_VARIABLE = YES;
				IPHONEOS_DEPLOYMENT_TARGET = 9.3;
				MTL_ENABLE_DEBUG_INFO = YES;
				ONLY_ACTIVE_ARCH = YES;
				SDKROOT = iphoneos;
				SWIFT_OPTIMIZATION_LEVEL = "-Onone";
				TARGETED_DEVICE_FAMILY = "1,2";
				VERSIONING_SYSTEM = "apple-generic";
				VERSION_INFO_PREFIX = "";
			};
			name = Debug;
		};
		546562EF1D4CB6B10008B101 /* Release */ = {
			isa = XCBuildConfiguration;
			buildSettings = {
				ALWAYS_SEARCH_USER_PATHS = NO;
				CLANG_ANALYZER_NONNULL = YES;
				CLANG_CXX_LANGUAGE_STANDARD = "gnu++0x";
				CLANG_CXX_LIBRARY = "libc++";
				CLANG_ENABLE_MODULES = YES;
				CLANG_ENABLE_OBJC_ARC = YES;
				CLANG_WARN_BOOL_CONVERSION = YES;
				CLANG_WARN_CONSTANT_CONVERSION = YES;
				CLANG_WARN_DIRECT_OBJC_ISA_USAGE = YES_ERROR;
				CLANG_WARN_EMPTY_BODY = YES;
				CLANG_WARN_ENUM_CONVERSION = YES;
				CLANG_WARN_INT_CONVERSION = YES;
				CLANG_WARN_OBJC_ROOT_CLASS = YES_ERROR;
				CLANG_WARN_UNREACHABLE_CODE = YES;
				CLANG_WARN__DUPLICATE_METHOD_MATCH = YES;
				"CODE_SIGN_IDENTITY[sdk=iphoneos*]" = "iPhone Developer";
				COPY_PHASE_STRIP = NO;
				CURRENT_PROJECT_VERSION = 1;
				DEBUG_INFORMATION_FORMAT = "dwarf-with-dsym";
				ENABLE_NS_ASSERTIONS = NO;
				ENABLE_STRICT_OBJC_MSGSEND = YES;
				GCC_C_LANGUAGE_STANDARD = gnu99;
				GCC_NO_COMMON_BLOCKS = YES;
				GCC_WARN_64_TO_32_BIT_CONVERSION = YES;
				GCC_WARN_ABOUT_RETURN_TYPE = YES_ERROR;
				GCC_WARN_UNDECLARED_SELECTOR = YES;
				GCC_WARN_UNINITIALIZED_AUTOS = YES_AGGRESSIVE;
				GCC_WARN_UNUSED_FUNCTION = YES;
				GCC_WARN_UNUSED_VARIABLE = YES;
				IPHONEOS_DEPLOYMENT_TARGET = 9.3;
				MTL_ENABLE_DEBUG_INFO = NO;
				SDKROOT = iphoneos;
				TARGETED_DEVICE_FAMILY = "1,2";
				VALIDATE_PRODUCT = YES;
				VERSIONING_SYSTEM = "apple-generic";
				VERSION_INFO_PREFIX = "";
			};
			name = Release;
		};
		546562F11D4CB6B10008B101 /* Debug */ = {
			isa = XCBuildConfiguration;
			buildSettings = {
				CLANG_ENABLE_MODULES = YES;
				DEFINES_MODULE = YES;
				DYLIB_COMPATIBILITY_VERSION = 1;
				DYLIB_CURRENT_VERSION = 1;
				DYLIB_INSTALL_NAME_BASE = "@rpath";
				INFOPLIST_FILE = Sources/Info.plist;
				INSTALL_PATH = "$(LOCAL_LIBRARY_DIR)/Frameworks";
				LD_RUNPATH_SEARCH_PATHS = "$(inherited) @executable_path/Frameworks @loader_path/Frameworks";
				PRODUCT_BUNDLE_IDENTIFIER = com.varaw.AsyncResponse;
				PRODUCT_NAME = "$(TARGET_NAME)";
				SKIP_INSTALL = YES;
				SWIFT_OPTIMIZATION_LEVEL = "-Onone";
			};
			name = Debug;
		};
		546562F21D4CB6B10008B101 /* Release */ = {
			isa = XCBuildConfiguration;
			buildSettings = {
				CLANG_ENABLE_MODULES = YES;
				DEFINES_MODULE = YES;
				DYLIB_COMPATIBILITY_VERSION = 1;
				DYLIB_CURRENT_VERSION = 1;
				DYLIB_INSTALL_NAME_BASE = "@rpath";
				INFOPLIST_FILE = Sources/Info.plist;
				INSTALL_PATH = "$(LOCAL_LIBRARY_DIR)/Frameworks";
				LD_RUNPATH_SEARCH_PATHS = "$(inherited) @executable_path/Frameworks @loader_path/Frameworks";
				PRODUCT_BUNDLE_IDENTIFIER = com.varaw.AsyncResponse;
				PRODUCT_NAME = "$(TARGET_NAME)";
				SKIP_INSTALL = YES;
			};
			name = Release;
		};
		546562F41D4CB6B10008B101 /* Debug */ = {
			isa = XCBuildConfiguration;
			buildSettings = {
				INFOPLIST_FILE = Tests/Info.plist;
				LD_RUNPATH_SEARCH_PATHS = "$(inherited) @executable_path/Frameworks @loader_path/Frameworks";
				PRODUCT_BUNDLE_IDENTIFIER = com.varaw.AsyncResponseTests;
				PRODUCT_NAME = "$(TARGET_NAME)";
			};
			name = Debug;
		};
		546562F51D4CB6B10008B101 /* Release */ = {
			isa = XCBuildConfiguration;
			buildSettings = {
				INFOPLIST_FILE = Tests/Info.plist;
				LD_RUNPATH_SEARCH_PATHS = "$(inherited) @executable_path/Frameworks @loader_path/Frameworks";
				PRODUCT_BUNDLE_IDENTIFIER = com.varaw.AsyncResponseTests;
				PRODUCT_NAME = "$(TARGET_NAME)";
			};
			name = Release;
		};
/* End XCBuildConfiguration section */

/* Begin XCConfigurationList section */
		546562D61D4CB6B10008B101 /* Build configuration list for PBXProject "AsyncResponse" */ = {
			isa = XCConfigurationList;
			buildConfigurations = (
				546562EE1D4CB6B10008B101 /* Debug */,
				546562EF1D4CB6B10008B101 /* Release */,
			);
			defaultConfigurationIsVisible = 0;
			defaultConfigurationName = Release;
		};
		546562F01D4CB6B10008B101 /* Build configuration list for PBXNativeTarget "AsyncResponse" */ = {
			isa = XCConfigurationList;
			buildConfigurations = (
				546562F11D4CB6B10008B101 /* Debug */,
				546562F21D4CB6B10008B101 /* Release */,
			);
			defaultConfigurationIsVisible = 0;
			defaultConfigurationName = Release;
		};
		546562F31D4CB6B10008B101 /* Build configuration list for PBXNativeTarget "AsyncResponseTests" */ = {
			isa = XCConfigurationList;
			buildConfigurations = (
				546562F41D4CB6B10008B101 /* Debug */,
				546562F51D4CB6B10008B101 /* Release */,
			);
			defaultConfigurationIsVisible = 0;
			defaultConfigurationName = Release;
		};
/* End XCConfigurationList section */
	};
	rootObject = 546562D31D4CB6B10008B101 /* Project object */;
}
